Microsoft Visual Studio Solution File, Format Version 12.00
# Visual Studio Version 17
VisualStudioVersion = 17.5.2.0
MinimumVisualStudioVersion = 10.0.40219.1
Project("{FAE04EC0-301F-11D3-BF4B-00C04F79EFBC}") = "blogger-clone", "blogger-clone.csproj", "{E047A9E9-0F89-215D-A8BD-E2B3ABFDDF8A}"
EndProject
Global
	GlobalSection(SolutionConfigurationPlatforms) = preSolution
		Debug|Any CPU = Debug|Any CPU
		Release|Any CPU = Release|Any CPU
	EndGlobalSection
	GlobalSection(ProjectConfigurationPlatforms) = postSolution
		{E047A9E9-0F89-215D-A8BD-E2B3ABFDDF8A}.Debug|Any CPU.ActiveCfg = Debug|Any CPU
		{E047A9E9-0F89-215D-A8BD-E2B3ABFDDF8A}.Debug|Any CPU.Build.0 = Debug|Any CPU
		{E047A9E9-0F89-215D-A8BD-E2B3ABFDDF8A}.Release|Any CPU.ActiveCfg = Release|Any CPU
		{E047A9E9-0F89-215D-A8BD-E2B3ABFDDF8A}.Release|Any CPU.Build.0 = Release|Any CPU
	EndGlobalSection
	GlobalSection(SolutionProperties) = preSolution
		HideSolutionNode = FALSE
	EndGlobalSection
	GlobalSection(ExtensibilityGlobals) = postSolution
		SolutionGuid = {8A89963E-579C-473A-9C30-36500933F473}
	EndGlobalSection
EndGlobal
